
Microsoft Visual Studio Solution File, Format Version 12.00
# Visual Studio Version 16
VisualStudioVersion = 16.0.31410.357
MinimumVisualStudioVersion = 10.0.40219.1
Project("{FAE04EC0-301F-11D3-BF4B-00C04F79EFBC}") = "EFCoreCodeFirstSample", "EFCoreCodeFirstSample\EFCoreCodeFirstSample.csproj", "{9397DE03-5FE1-4858-AB05-84726DCDB046}"
EndProject
Global
	GlobalSection(SolutionConfigurationPlatforms) = preSolution
		Debug|Any CPU = Debug|Any CPU
		Release|Any CPU = Release|Any CPU
	EndGlobalSection
	GlobalSection(ProjectConfigurationPlatforms) = postSolution
		{9397DE03-5FE1-4858-AB05-84726DCDB046}.Debug|Any CPU.ActiveCfg = Debug|Any CPU
		{9397DE03-5FE1-4858-AB05-84726DCDB046}.Debug|Any CPU.Build.0 = Debug|Any CPU
		{9397DE03-5FE1-4858-AB05-84726DCDB046}.Release|Any CPU.ActiveCfg = Release|Any CPU
		{9397DE03-5FE1-4858-AB05-84726DCDB046}.Release|Any CPU.Build.0 = Release|Any CPU
	EndGlobalSection
	GlobalSection(SolutionProperties) = preSolution
		HideSolutionNode = FALSE
	EndGlobalSection
	GlobalSection(ExtensibilityGlobals) = postSolution
		SolutionGuid = {EBF9E9EF-2027-419D-A35C-36D703122782}
	EndGlobalSection
EndGlobal
