
Microsoft Visual Studio Solution File, Format Version 12.00
# Visual Studio Version 16
VisualStudioVersion = 16.0.31410.357
MinimumVisualStudioVersion = 10.0.40219.1
Project("{9A19103F-16F7-4668-BE54-9A1E7A4F7556}") = "Emp.Api", "CodeFirstApproch\Emp.Api.csproj", "{B1DFF15F-2C2B-4D49-8DD1-A3C7A0746846}"
EndProject
Project("{9A19103F-16F7-4668-BE54-9A1E7A4F7556}") = "Employee.DAL", "DAL_DataAccess\Employee.DAL.csproj", "{3553D02B-623A-4AB8-951F-65CAA382A95F}"
EndProject
Project("{9A19103F-16F7-4668-BE54-9A1E7A4F7556}") = "Employee.BAL", "DAL_BusinessLayer\Employee.BAL.csproj", "{460D624A-E13E-4FA5-BFD9-3EAC823AF95E}"
EndProject
Global
	GlobalSection(SolutionConfigurationPlatforms) = preSolution
		Debug|Any CPU = Debug|Any CPU
		Release|Any CPU = Release|Any CPU
	EndGlobalSection
	GlobalSection(ProjectConfigurationPlatforms) = postSolution
		{B1DFF15F-2C2B-4D49-8DD1-A3C7A0746846}.Debug|Any CPU.ActiveCfg = Debug|Any CPU
		{B1DFF15F-2C2B-4D49-8DD1-A3C7A0746846}.Debug|Any CPU.Build.0 = Debug|Any CPU
		{B1DFF15F-2C2B-4D49-8DD1-A3C7A0746846}.Release|Any CPU.ActiveCfg = Release|Any CPU
		{B1DFF15F-2C2B-4D49-8DD1-A3C7A0746846}.Release|Any CPU.Build.0 = Release|Any CPU
		{3553D02B-623A-4AB8-951F-65CAA382A95F}.Debug|Any CPU.ActiveCfg = Debug|Any CPU
		{3553D02B-623A-4AB8-951F-65CAA382A95F}.Debug|Any CPU.Build.0 = Debug|Any CPU
		{3553D02B-623A-4AB8-951F-65CAA382A95F}.Release|Any CPU.ActiveCfg = Release|Any CPU
		{3553D02B-623A-4AB8-951F-65CAA382A95F}.Release|Any CPU.Build.0 = Release|Any CPU
		{460D624A-E13E-4FA5-BFD9-3EAC823AF95E}.Debug|Any CPU.ActiveCfg = Debug|Any CPU
		{460D624A-E13E-4FA5-BFD9-3EAC823AF95E}.Debug|Any CPU.Build.0 = Debug|Any CPU
		{460D624A-E13E-4FA5-BFD9-3EAC823AF95E}.Release|Any CPU.ActiveCfg = Release|Any CPU
		{460D624A-E13E-4FA5-BFD9-3EAC823AF95E}.Release|Any CPU.Build.0 = Release|Any CPU
	EndGlobalSection
	GlobalSection(SolutionProperties) = preSolution
		HideSolutionNode = FALSE
	EndGlobalSection
	GlobalSection(ExtensibilityGlobals) = postSolution
		SolutionGuid = {7621AE82-0F31-477C-A516-7D3E07A9EA6E}
	EndGlobalSection
EndGlobal
