
Microsoft Visual Studio Solution File, Format Version 12.00
# Visual Studio Version 16
VisualStudioVersion = 16.0.30114.105
MinimumVisualStudioVersion = 10.0.40219.1
Project("{9A19103F-16F7-4668-BE54-9A1E7A4F7556}") = "BankingSys", "BankingSys\BankingSys.csproj", "{5718B050-E3DD-4A8C-B8FE-6AB1568A564A}"
EndProject
Project("{9A19103F-16F7-4668-BE54-9A1E7A4F7556}") = "Polymorphism", "Polymorphism\Polymorphism.csproj", "{4E4AAC0F-D30C-4289-AEB1-5CDFD1A0DCBC}"
EndProject
Project("{9A19103F-16F7-4668-BE54-9A1E7A4F7556}") = "DelegatesAndLambdas", "DelegatesAndLambdas\DelegatesAndLambdas.csproj", "{AD60F7E8-2A67-4FBE-AE44-3168B6519760}"
EndProject
Project("{9A19103F-16F7-4668-BE54-9A1E7A4F7556}") = "Banksystem1", "Banksystem1\Banksystem1.csproj", "{090A18DD-AE95-46C9-95F9-79B394804576}"
EndProject
Project("{9A19103F-16F7-4668-BE54-9A1E7A4F7556}") = "Lab1_MovieName", "Lab1_MovieName\Lab1_MovieName.csproj", "{203D754C-A3AD-41F1-BAE8-F5B6466E315D}"
EndProject
Project("{9A19103F-16F7-4668-BE54-9A1E7A4F7556}") = "AllTypesOfParams", "AllTypesOfParams\AllTypesOfParams.csproj", "{0555FA00-4825-41DF-BE37-6C2775C9F256}"
EndProject
Project("{9A19103F-16F7-4668-BE54-9A1E7A4F7556}") = "BankApp", "BankApp\BankApp.csproj", "{80CA42A4-804E-424F-A882-830B7496B325}"
EndProject
Project("{2150E333-8FDC-42A3-9474-1A3956D46DE8}") = "NTier", "NTier", "{93B1E32D-B8BB-4632-A5EA-CB2997CA031A}"
EndProject
Project("{9A19103F-16F7-4668-BE54-9A1E7A4F7556}") = "UI", "UI\UI.csproj", "{BCE65184-DEA3-4783-BCD1-A64F7B309D43}"
EndProject
Project("{9A19103F-16F7-4668-BE54-9A1E7A4F7556}") = "CorelogicLayer", "CorelogicLayer\CorelogicLayer.csproj", "{3C99FF18-902A-44EB-899B-F3B96A70E48B}"
EndProject
Project("{9A19103F-16F7-4668-BE54-9A1E7A4F7556}") = "mockApplication", "mockApplication\mockApplication.csproj", "{72293D09-3CCD-4DA3-BAFB-5B78DECCFFEA}"
EndProject
Project("{FAE04EC0-301F-11D3-BF4B-00C04F79EFBC}") = "Myapis", "Myapis\Myapis.csproj", "{083CDE25-19E9-498F-9048-1B4D5D8E8421}"
EndProject
Global
	GlobalSection(SolutionConfigurationPlatforms) = preSolution
		Debug|Any CPU = Debug|Any CPU
		Debug|x64 = Debug|x64
		Debug|x86 = Debug|x86
		Release|Any CPU = Release|Any CPU
		Release|x64 = Release|x64
		Release|x86 = Release|x86
	EndGlobalSection
	GlobalSection(ProjectConfigurationPlatforms) = postSolution
		{5718B050-E3DD-4A8C-B8FE-6AB1568A564A}.Debug|Any CPU.ActiveCfg = Debug|Any CPU
		{5718B050-E3DD-4A8C-B8FE-6AB1568A564A}.Debug|Any CPU.Build.0 = Debug|Any CPU
		{5718B050-E3DD-4A8C-B8FE-6AB1568A564A}.Debug|x64.ActiveCfg = Debug|Any CPU
		{5718B050-E3DD-4A8C-B8FE-6AB1568A564A}.Debug|x64.Build.0 = Debug|Any CPU
		{5718B050-E3DD-4A8C-B8FE-6AB1568A564A}.Debug|x86.ActiveCfg = Debug|Any CPU
		{5718B050-E3DD-4A8C-B8FE-6AB1568A564A}.Debug|x86.Build.0 = Debug|Any CPU
		{5718B050-E3DD-4A8C-B8FE-6AB1568A564A}.Release|Any CPU.ActiveCfg = Release|Any CPU
		{5718B050-E3DD-4A8C-B8FE-6AB1568A564A}.Release|Any CPU.Build.0 = Release|Any CPU
		{5718B050-E3DD-4A8C-B8FE-6AB1568A564A}.Release|x64.ActiveCfg = Release|Any CPU
		{5718B050-E3DD-4A8C-B8FE-6AB1568A564A}.Release|x64.Build.0 = Release|Any CPU
		{5718B050-E3DD-4A8C-B8FE-6AB1568A564A}.Release|x86.ActiveCfg = Release|Any CPU
		{5718B050-E3DD-4A8C-B8FE-6AB1568A564A}.Release|x86.Build.0 = Release|Any CPU
		{4E4AAC0F-D30C-4289-AEB1-5CDFD1A0DCBC}.Debug|Any CPU.ActiveCfg = Debug|Any CPU
		{4E4AAC0F-D30C-4289-AEB1-5CDFD1A0DCBC}.Debug|Any CPU.Build.0 = Debug|Any CPU
		{4E4AAC0F-D30C-4289-AEB1-5CDFD1A0DCBC}.Debug|x64.ActiveCfg = Debug|Any CPU
		{4E4AAC0F-D30C-4289-AEB1-5CDFD1A0DCBC}.Debug|x64.Build.0 = Debug|Any CPU
		{4E4AAC0F-D30C-4289-AEB1-5CDFD1A0DCBC}.Debug|x86.ActiveCfg = Debug|Any CPU
		{4E4AAC0F-D30C-4289-AEB1-5CDFD1A0DCBC}.Debug|x86.Build.0 = Debug|Any CPU
		{4E4AAC0F-D30C-4289-AEB1-5CDFD1A0DCBC}.Release|Any CPU.ActiveCfg = Release|Any CPU
		{4E4AAC0F-D30C-4289-AEB1-5CDFD1A0DCBC}.Release|Any CPU.Build.0 = Release|Any CPU
		{4E4AAC0F-D30C-4289-AEB1-5CDFD1A0DCBC}.Release|x64.ActiveCfg = Release|Any CPU
		{4E4AAC0F-D30C-4289-AEB1-5CDFD1A0DCBC}.Release|x64.Build.0 = Release|Any CPU
		{4E4AAC0F-D30C-4289-AEB1-5CDFD1A0DCBC}.Release|x86.ActiveCfg = Release|Any CPU
		{4E4AAC0F-D30C-4289-AEB1-5CDFD1A0DCBC}.Release|x86.Build.0 = Release|Any CPU
		{AD60F7E8-2A67-4FBE-AE44-3168B6519760}.Debug|Any CPU.ActiveCfg = Debug|Any CPU
		{AD60F7E8-2A67-4FBE-AE44-3168B6519760}.Debug|Any CPU.Build.0 = Debug|Any CPU
		{AD60F7E8-2A67-4FBE-AE44-3168B6519760}.Debug|x64.ActiveCfg = Debug|Any CPU
		{AD60F7E8-2A67-4FBE-AE44-3168B6519760}.Debug|x64.Build.0 = Debug|Any CPU
		{AD60F7E8-2A67-4FBE-AE44-3168B6519760}.Debug|x86.ActiveCfg = Debug|Any CPU
		{AD60F7E8-2A67-4FBE-AE44-3168B6519760}.Debug|x86.Build.0 = Debug|Any CPU
		{AD60F7E8-2A67-4FBE-AE44-3168B6519760}.Release|Any CPU.ActiveCfg = Release|Any CPU
		{AD60F7E8-2A67-4FBE-AE44-3168B6519760}.Release|Any CPU.Build.0 = Release|Any CPU
		{AD60F7E8-2A67-4FBE-AE44-3168B6519760}.Release|x64.ActiveCfg = Release|Any CPU
		{AD60F7E8-2A67-4FBE-AE44-3168B6519760}.Release|x64.Build.0 = Release|Any CPU
		{AD60F7E8-2A67-4FBE-AE44-3168B6519760}.Release|x86.ActiveCfg = Release|Any CPU
		{AD60F7E8-2A67-4FBE-AE44-3168B6519760}.Release|x86.Build.0 = Release|Any CPU
		{090A18DD-AE95-46C9-95F9-79B394804576}.Debug|Any CPU.ActiveCfg = Debug|Any CPU
		{090A18DD-AE95-46C9-95F9-79B394804576}.Debug|Any CPU.Build.0 = Debug|Any CPU
		{090A18DD-AE95-46C9-95F9-79B394804576}.Debug|x64.ActiveCfg = Debug|Any CPU
		{090A18DD-AE95-46C9-95F9-79B394804576}.Debug|x64.Build.0 = Debug|Any CPU
		{090A18DD-AE95-46C9-95F9-79B394804576}.Debug|x86.ActiveCfg = Debug|Any CPU
		{090A18DD-AE95-46C9-95F9-79B394804576}.Debug|x86.Build.0 = Debug|Any CPU
		{090A18DD-AE95-46C9-95F9-79B394804576}.Release|Any CPU.ActiveCfg = Release|Any CPU
		{090A18DD-AE95-46C9-95F9-79B394804576}.Release|Any CPU.Build.0 = Release|Any CPU
		{090A18DD-AE95-46C9-95F9-79B394804576}.Release|x64.ActiveCfg = Release|Any CPU
		{090A18DD-AE95-46C9-95F9-79B394804576}.Release|x64.Build.0 = Release|Any CPU
		{090A18DD-AE95-46C9-95F9-79B394804576}.Release|x86.ActiveCfg = Release|Any CPU
		{090A18DD-AE95-46C9-95F9-79B394804576}.Release|x86.Build.0 = Release|Any CPU
		{203D754C-A3AD-41F1-BAE8-F5B6466E315D}.Debug|Any CPU.ActiveCfg = Debug|Any CPU
		{203D754C-A3AD-41F1-BAE8-F5B6466E315D}.Debug|Any CPU.Build.0 = Debug|Any CPU
		{203D754C-A3AD-41F1-BAE8-F5B6466E315D}.Debug|x64.ActiveCfg = Debug|Any CPU
		{203D754C-A3AD-41F1-BAE8-F5B6466E315D}.Debug|x64.Build.0 = Debug|Any CPU
		{203D754C-A3AD-41F1-BAE8-F5B6466E315D}.Debug|x86.ActiveCfg = Debug|Any CPU
		{203D754C-A3AD-41F1-BAE8-F5B6466E315D}.Debug|x86.Build.0 = Debug|Any CPU
		{203D754C-A3AD-41F1-BAE8-F5B6466E315D}.Release|Any CPU.ActiveCfg = Release|Any CPU
		{203D754C-A3AD-41F1-BAE8-F5B6466E315D}.Release|Any CPU.Build.0 = Release|Any CPU
		{203D754C-A3AD-41F1-BAE8-F5B6466E315D}.Release|x64.ActiveCfg = Release|Any CPU
		{203D754C-A3AD-41F1-BAE8-F5B6466E315D}.Release|x64.Build.0 = Release|Any CPU
		{203D754C-A3AD-41F1-BAE8-F5B6466E315D}.Release|x86.ActiveCfg = Release|Any CPU
		{203D754C-A3AD-41F1-BAE8-F5B6466E315D}.Release|x86.Build.0 = Release|Any CPU
		{0555FA00-4825-41DF-BE37-6C2775C9F256}.Debug|Any CPU.ActiveCfg = Debug|Any CPU
		{0555FA00-4825-41DF-BE37-6C2775C9F256}.Debug|Any CPU.Build.0 = Debug|Any CPU
		{0555FA00-4825-41DF-BE37-6C2775C9F256}.Debug|x64.ActiveCfg = Debug|Any CPU
		{0555FA00-4825-41DF-BE37-6C2775C9F256}.Debug|x64.Build.0 = Debug|Any CPU
		{0555FA00-4825-41DF-BE37-6C2775C9F256}.Debug|x86.ActiveCfg = Debug|Any CPU
		{0555FA00-4825-41DF-BE37-6C2775C9F256}.Debug|x86.Build.0 = Debug|Any CPU
		{0555FA00-4825-41DF-BE37-6C2775C9F256}.Release|Any CPU.ActiveCfg = Release|Any CPU
		{0555FA00-4825-41DF-BE37-6C2775C9F256}.Release|Any CPU.Build.0 = Release|Any CPU
		{0555FA00-4825-41DF-BE37-6C2775C9F256}.Release|x64.ActiveCfg = Release|Any CPU
		{0555FA00-4825-41DF-BE37-6C2775C9F256}.Release|x64.Build.0 = Release|Any CPU
		{0555FA00-4825-41DF-BE37-6C2775C9F256}.Release|x86.ActiveCfg = Release|Any CPU
		{0555FA00-4825-41DF-BE37-6C2775C9F256}.Release|x86.Build.0 = Release|Any CPU
		{80CA42A4-804E-424F-A882-830B7496B325}.Debug|Any CPU.ActiveCfg = Debug|Any CPU
		{80CA42A4-804E-424F-A882-830B7496B325}.Debug|Any CPU.Build.0 = Debug|Any CPU
		{80CA42A4-804E-424F-A882-830B7496B325}.Debug|x64.ActiveCfg = Debug|Any CPU
		{80CA42A4-804E-424F-A882-830B7496B325}.Debug|x64.Build.0 = Debug|Any CPU
		{80CA42A4-804E-424F-A882-830B7496B325}.Debug|x86.ActiveCfg = Debug|Any CPU
		{80CA42A4-804E-424F-A882-830B7496B325}.Debug|x86.Build.0 = Debug|Any CPU
		{80CA42A4-804E-424F-A882-830B7496B325}.Release|Any CPU.ActiveCfg = Release|Any CPU
		{80CA42A4-804E-424F-A882-830B7496B325}.Release|Any CPU.Build.0 = Release|Any CPU
		{80CA42A4-804E-424F-A882-830B7496B325}.Release|x64.ActiveCfg = Release|Any CPU
		{80CA42A4-804E-424F-A882-830B7496B325}.Release|x64.Build.0 = Release|Any CPU
		{80CA42A4-804E-424F-A882-830B7496B325}.Release|x86.ActiveCfg = Release|Any CPU
		{80CA42A4-804E-424F-A882-830B7496B325}.Release|x86.Build.0 = Release|Any CPU
		{BCE65184-DEA3-4783-BCD1-A64F7B309D43}.Debug|Any CPU.ActiveCfg = Debug|Any CPU
		{BCE65184-DEA3-4783-BCD1-A64F7B309D43}.Debug|Any CPU.Build.0 = Debug|Any CPU
		{BCE65184-DEA3-4783-BCD1-A64F7B309D43}.Debug|x64.ActiveCfg = Debug|Any CPU
		{BCE65184-DEA3-4783-BCD1-A64F7B309D43}.Debug|x64.Build.0 = Debug|Any CPU
		{BCE65184-DEA3-4783-BCD1-A64F7B309D43}.Debug|x86.ActiveCfg = Debug|Any CPU
		{BCE65184-DEA3-4783-BCD1-A64F7B309D43}.Debug|x86.Build.0 = Debug|Any CPU
		{BCE65184-DEA3-4783-BCD1-A64F7B309D43}.Release|Any CPU.ActiveCfg = Release|Any CPU
		{BCE65184-DEA3-4783-BCD1-A64F7B309D43}.Release|Any CPU.Build.0 = Release|Any CPU
		{BCE65184-DEA3-4783-BCD1-A64F7B309D43}.Release|x64.ActiveCfg = Release|Any CPU
		{BCE65184-DEA3-4783-BCD1-A64F7B309D43}.Release|x64.Build.0 = Release|Any CPU
		{BCE65184-DEA3-4783-BCD1-A64F7B309D43}.Release|x86.ActiveCfg = Release|Any CPU
		{BCE65184-DEA3-4783-BCD1-A64F7B309D43}.Release|x86.Build.0 = Release|Any CPU
		{3C99FF18-902A-44EB-899B-F3B96A70E48B}.Debug|Any CPU.ActiveCfg = Debug|Any CPU
		{3C99FF18-902A-44EB-899B-F3B96A70E48B}.Debug|Any CPU.Build.0 = Debug|Any CPU
		{3C99FF18-902A-44EB-899B-F3B96A70E48B}.Debug|x64.ActiveCfg = Debug|Any CPU
		{3C99FF18-902A-44EB-899B-F3B96A70E48B}.Debug|x64.Build.0 = Debug|Any CPU
		{3C99FF18-902A-44EB-899B-F3B96A70E48B}.Debug|x86.ActiveCfg = Debug|Any CPU
		{3C99FF18-902A-44EB-899B-F3B96A70E48B}.Debug|x86.Build.0 = Debug|Any CPU
		{3C99FF18-902A-44EB-899B-F3B96A70E48B}.Release|Any CPU.ActiveCfg = Release|Any CPU
		{3C99FF18-902A-44EB-899B-F3B96A70E48B}.Release|Any CPU.Build.0 = Release|Any CPU
		{3C99FF18-902A-44EB-899B-F3B96A70E48B}.Release|x64.ActiveCfg = Release|Any CPU
		{3C99FF18-902A-44EB-899B-F3B96A70E48B}.Release|x64.Build.0 = Release|Any CPU
		{3C99FF18-902A-44EB-899B-F3B96A70E48B}.Release|x86.ActiveCfg = Release|Any CPU
		{3C99FF18-902A-44EB-899B-F3B96A70E48B}.Release|x86.Build.0 = Release|Any CPU
		{72293D09-3CCD-4DA3-BAFB-5B78DECCFFEA}.Debug|Any CPU.ActiveCfg = Debug|Any CPU
		{72293D09-3CCD-4DA3-BAFB-5B78DECCFFEA}.Debug|Any CPU.Build.0 = Debug|Any CPU
		{72293D09-3CCD-4DA3-BAFB-5B78DECCFFEA}.Debug|x64.ActiveCfg = Debug|Any CPU
		{72293D09-3CCD-4DA3-BAFB-5B78DECCFFEA}.Debug|x64.Build.0 = Debug|Any CPU
		{72293D09-3CCD-4DA3-BAFB-5B78DECCFFEA}.Debug|x86.ActiveCfg = Debug|Any CPU
		{72293D09-3CCD-4DA3-BAFB-5B78DECCFFEA}.Debug|x86.Build.0 = Debug|Any CPU
		{72293D09-3CCD-4DA3-BAFB-5B78DECCFFEA}.Release|Any CPU.ActiveCfg = Release|Any CPU
		{72293D09-3CCD-4DA3-BAFB-5B78DECCFFEA}.Release|Any CPU.Build.0 = Release|Any CPU
		{72293D09-3CCD-4DA3-BAFB-5B78DECCFFEA}.Release|x64.ActiveCfg = Release|Any CPU
		{72293D09-3CCD-4DA3-BAFB-5B78DECCFFEA}.Release|x64.Build.0 = Release|Any CPU
		{72293D09-3CCD-4DA3-BAFB-5B78DECCFFEA}.Release|x86.ActiveCfg = Release|Any CPU
		{72293D09-3CCD-4DA3-BAFB-5B78DECCFFEA}.Release|x86.Build.0 = Release|Any CPU
		{083CDE25-19E9-498F-9048-1B4D5D8E8421}.Debug|Any CPU.ActiveCfg = Debug|Any CPU
		{083CDE25-19E9-498F-9048-1B4D5D8E8421}.Debug|Any CPU.Build.0 = Debug|Any CPU
		{083CDE25-19E9-498F-9048-1B4D5D8E8421}.Debug|x64.ActiveCfg = Debug|Any CPU
		{083CDE25-19E9-498F-9048-1B4D5D8E8421}.Debug|x64.Build.0 = Debug|Any CPU
		{083CDE25-19E9-498F-9048-1B4D5D8E8421}.Debug|x86.ActiveCfg = Debug|Any CPU
		{083CDE25-19E9-498F-9048-1B4D5D8E8421}.Debug|x86.Build.0 = Debug|Any CPU
		{083CDE25-19E9-498F-9048-1B4D5D8E8421}.Release|Any CPU.ActiveCfg = Release|Any CPU
		{083CDE25-19E9-498F-9048-1B4D5D8E8421}.Release|Any CPU.Build.0 = Release|Any CPU
		{083CDE25-19E9-498F-9048-1B4D5D8E8421}.Release|x64.ActiveCfg = Release|Any CPU
		{083CDE25-19E9-498F-9048-1B4D5D8E8421}.Release|x64.Build.0 = Release|Any CPU
		{083CDE25-19E9-498F-9048-1B4D5D8E8421}.Release|x86.ActiveCfg = Release|Any CPU
		{083CDE25-19E9-498F-9048-1B4D5D8E8421}.Release|x86.Build.0 = Release|Any CPU
	EndGlobalSection
	GlobalSection(SolutionProperties) = preSolution
		HideSolutionNode = FALSE
	EndGlobalSection
	GlobalSection(NestedProjects) = preSolution
		{BCE65184-DEA3-4783-BCD1-A64F7B309D43} = {93B1E32D-B8BB-4632-A5EA-CB2997CA031A}
		{3C99FF18-902A-44EB-899B-F3B96A70E48B} = {93B1E32D-B8BB-4632-A5EA-CB2997CA031A}
	EndGlobalSection
	GlobalSection(ExtensibilityGlobals) = postSolution
		SolutionGuid = {C115C993-9F7E-43EC-A3F2-F3BABD383E7C}
	EndGlobalSection
EndGlobal
