
Microsoft Visual Studio Solution File, Format Version 12.00
# Visual Studio Version 16
VisualStudioVersion = 16.0.30114.105
MinimumVisualStudioVersion = 10.0.40219.1
Project("{9A19103F-16F7-4668-BE54-9A1E7A4F7556}") = "first", "first\first.csproj", "{377AC1C1-A43D-4B36-9496-15D1F61C7E86}"
EndProject
Project("{9A19103F-16F7-4668-BE54-9A1E7A4F7556}") = "BL", "BL\BL.csproj", "{0F6EA54E-9132-41D2-87D1-220D8152065D}"
EndProject
Project("{9A19103F-16F7-4668-BE54-9A1E7A4F7556}") = "OopsApp", "OopsApp\OopsApp.csproj", "{2CBA5A07-D53C-4A46-B9E2-F41DC2961DD7}"
EndProject
Project("{9A19103F-16F7-4668-BE54-9A1E7A4F7556}") = "DelLamdas", "DelLamdas\DelLamdas.csproj", "{0D838F5B-7E2C-4864-87DF-5D1605F12DF1}"
EndProject
Project("{FAE04EC0-301F-11D3-BF4B-00C04F79EFBC}") = "WindowsFormsApp1", "WindowsFormsApp1\WindowsFormsApp1.csproj", "{33485F8B-34D9-479F-88F1-30DC10AE7D41}"
EndProject
Project("{9A19103F-16F7-4668-BE54-9A1E7A4F7556}") = "UnderstandingEvents", "UnderstandingEvents\UnderstandingEvents.csproj", "{FDDA79BA-828E-4E63-89AF-FB81CF4E0CD1}"
EndProject
Project("{9A19103F-16F7-4668-BE54-9A1E7A4F7556}") = "CollectionDemos", "CollectionDemos\CollectionDemos.csproj", "{4BAA56CC-3AA6-4625-9E72-B509703799B0}"
EndProject
Project("{2150E333-8FDC-42A3-9474-1A3956D46DE8}") = "NTier", "NTier", "{F4AE32F3-3D56-416A-9F18-96630B121436}"
EndProject
Project("{9A19103F-16F7-4668-BE54-9A1E7A4F7556}") = "UI", "UI\UI.csproj", "{F47842B2-8385-4F51-9009-F7A74709DBEA}"
EndProject
Project("{9A19103F-16F7-4668-BE54-9A1E7A4F7556}") = "CoreLogicLayer", "CoreLogicLayer\CoreLogicLayer.csproj", "{7CDFB656-9D1C-4322-8FB2-6F29355001C7}"
EndProject
Project("{9A19103F-16F7-4668-BE54-9A1E7A4F7556}") = "AsyncConsole", "AsyncConsole\AsyncConsole.csproj", "{E61E0874-F526-4860-80E3-C03979B142C7}"
EndProject
Project("{9A19103F-16F7-4668-BE54-9A1E7A4F7556}") = "Asynchrony", "Asynchrony\Asynchrony.csproj", "{85AC0027-428D-421D-8CBE-37D75C18C35F}"
EndProject
Project("{9A19103F-16F7-4668-BE54-9A1E7A4F7556}") = "Usingreflection", "Usingreflection\Usingreflection.csproj", "{18C3377D-6FCF-4496-9BE4-403BA153911A}"
EndProject
Project("{9A19103F-16F7-4668-BE54-9A1E7A4F7556}") = "JsonSerialization", "JsonSerialization\JsonSerialization.csproj", "{D18B3100-8AF5-4DEE-9AE9-9E86B4F8AA2F}"
EndProject
Project("{9A19103F-16F7-4668-BE54-9A1E7A4F7556}") = "Absiphonefactory", "Absiphonefactory\Absiphonefactory.csproj", "{A9AB272F-C33B-408F-A086-A2EE5A6C2CC9}"
EndProject
Project("{9A19103F-16F7-4668-BE54-9A1E7A4F7556}") = "UsingDesignPatterns", "UsingDesignPatterns\UsingDesignPatterns.csproj", "{BB11800A-A922-4665-BB67-640DB587AE36}"
EndProject
Project("{9A19103F-16F7-4668-BE54-9A1E7A4F7556}") = "AdapterPattern", "AdapterPattern\AdapterPattern.csproj", "{379E8F61-D80D-4F24-AF95-43CCE3E66F49}"
EndProject
Project("{9A19103F-16F7-4668-BE54-9A1E7A4F7556}") = "UsingLogNet", "UsingLogNet\UsingLogNet.csproj", "{9013D5C9-27A6-4C51-8CC4-BC546BF41590}"
EndProject
Project("{2150E333-8FDC-42A3-9474-1A3956D46DE8}") = "NTier2", "NTier2", "{CB9541F4-D247-447C-8872-C517E961C0CB}"
EndProject
Project("{9A19103F-16F7-4668-BE54-9A1E7A4F7556}") = "UI2", "UI2\UI2.csproj", "{81D9E164-AF0D-4BCE-9449-8DE8D8CC2DC9}"
EndProject
Project("{9A19103F-16F7-4668-BE54-9A1E7A4F7556}") = "CoreLogicLayer2", "CoreLogicLayer2\CoreLogicLayer2.csproj", "{5422EC29-04D2-43FF-B5CE-DBF02A4B61A9}"
EndProject
Project("{9A19103F-16F7-4668-BE54-9A1E7A4F7556}") = "MyApis", "MyApis\MyApis.csproj", "{FDBF5BAB-A49D-4A47-8C4E-C39714E715EF}"
EndProject
Project("{FAE04EC0-301F-11D3-BF4B-00C04F79EFBC}") = "mockproj", "mockproj\mockproj.csproj", "{51060752-8EAE-4AB5-8A29-A84B79B4710F}"
EndProject
Global
	GlobalSection(SolutionConfigurationPlatforms) = preSolution
		Debug|Any CPU = Debug|Any CPU
		Debug|x64 = Debug|x64
		Debug|x86 = Debug|x86
		Release|Any CPU = Release|Any CPU
		Release|x64 = Release|x64
		Release|x86 = Release|x86
	EndGlobalSection
	GlobalSection(ProjectConfigurationPlatforms) = postSolution
		{377AC1C1-A43D-4B36-9496-15D1F61C7E86}.Debug|Any CPU.ActiveCfg = Debug|Any CPU
		{377AC1C1-A43D-4B36-9496-15D1F61C7E86}.Debug|Any CPU.Build.0 = Debug|Any CPU
		{377AC1C1-A43D-4B36-9496-15D1F61C7E86}.Debug|x64.ActiveCfg = Debug|Any CPU
		{377AC1C1-A43D-4B36-9496-15D1F61C7E86}.Debug|x64.Build.0 = Debug|Any CPU
		{377AC1C1-A43D-4B36-9496-15D1F61C7E86}.Debug|x86.ActiveCfg = Debug|Any CPU
		{377AC1C1-A43D-4B36-9496-15D1F61C7E86}.Debug|x86.Build.0 = Debug|Any CPU
		{377AC1C1-A43D-4B36-9496-15D1F61C7E86}.Release|Any CPU.ActiveCfg = Release|Any CPU
		{377AC1C1-A43D-4B36-9496-15D1F61C7E86}.Release|Any CPU.Build.0 = Release|Any CPU
		{377AC1C1-A43D-4B36-9496-15D1F61C7E86}.Release|x64.ActiveCfg = Release|Any CPU
		{377AC1C1-A43D-4B36-9496-15D1F61C7E86}.Release|x64.Build.0 = Release|Any CPU
		{377AC1C1-A43D-4B36-9496-15D1F61C7E86}.Release|x86.ActiveCfg = Release|Any CPU
		{377AC1C1-A43D-4B36-9496-15D1F61C7E86}.Release|x86.Build.0 = Release|Any CPU
		{0F6EA54E-9132-41D2-87D1-220D8152065D}.Debug|Any CPU.ActiveCfg = Debug|Any CPU
		{0F6EA54E-9132-41D2-87D1-220D8152065D}.Debug|Any CPU.Build.0 = Debug|Any CPU
		{0F6EA54E-9132-41D2-87D1-220D8152065D}.Debug|x64.ActiveCfg = Debug|Any CPU
		{0F6EA54E-9132-41D2-87D1-220D8152065D}.Debug|x64.Build.0 = Debug|Any CPU
		{0F6EA54E-9132-41D2-87D1-220D8152065D}.Debug|x86.ActiveCfg = Debug|Any CPU
		{0F6EA54E-9132-41D2-87D1-220D8152065D}.Debug|x86.Build.0 = Debug|Any CPU
		{0F6EA54E-9132-41D2-87D1-220D8152065D}.Release|Any CPU.ActiveCfg = Release|Any CPU
		{0F6EA54E-9132-41D2-87D1-220D8152065D}.Release|Any CPU.Build.0 = Release|Any CPU
		{0F6EA54E-9132-41D2-87D1-220D8152065D}.Release|x64.ActiveCfg = Release|Any CPU
		{0F6EA54E-9132-41D2-87D1-220D8152065D}.Release|x64.Build.0 = Release|Any CPU
		{0F6EA54E-9132-41D2-87D1-220D8152065D}.Release|x86.ActiveCfg = Release|Any CPU
		{0F6EA54E-9132-41D2-87D1-220D8152065D}.Release|x86.Build.0 = Release|Any CPU
		{2CBA5A07-D53C-4A46-B9E2-F41DC2961DD7}.Debug|Any CPU.ActiveCfg = Debug|Any CPU
		{2CBA5A07-D53C-4A46-B9E2-F41DC2961DD7}.Debug|Any CPU.Build.0 = Debug|Any CPU
		{2CBA5A07-D53C-4A46-B9E2-F41DC2961DD7}.Debug|x64.ActiveCfg = Debug|Any CPU
		{2CBA5A07-D53C-4A46-B9E2-F41DC2961DD7}.Debug|x64.Build.0 = Debug|Any CPU
		{2CBA5A07-D53C-4A46-B9E2-F41DC2961DD7}.Debug|x86.ActiveCfg = Debug|Any CPU
		{2CBA5A07-D53C-4A46-B9E2-F41DC2961DD7}.Debug|x86.Build.0 = Debug|Any CPU
		{2CBA5A07-D53C-4A46-B9E2-F41DC2961DD7}.Release|Any CPU.ActiveCfg = Release|Any CPU
		{2CBA5A07-D53C-4A46-B9E2-F41DC2961DD7}.Release|Any CPU.Build.0 = Release|Any CPU
		{2CBA5A07-D53C-4A46-B9E2-F41DC2961DD7}.Release|x64.ActiveCfg = Release|Any CPU
		{2CBA5A07-D53C-4A46-B9E2-F41DC2961DD7}.Release|x64.Build.0 = Release|Any CPU
		{2CBA5A07-D53C-4A46-B9E2-F41DC2961DD7}.Release|x86.ActiveCfg = Release|Any CPU
		{2CBA5A07-D53C-4A46-B9E2-F41DC2961DD7}.Release|x86.Build.0 = Release|Any CPU
		{0D838F5B-7E2C-4864-87DF-5D1605F12DF1}.Debug|Any CPU.ActiveCfg = Debug|Any CPU
		{0D838F5B-7E2C-4864-87DF-5D1605F12DF1}.Debug|Any CPU.Build.0 = Debug|Any CPU
		{0D838F5B-7E2C-4864-87DF-5D1605F12DF1}.Debug|x64.ActiveCfg = Debug|Any CPU
		{0D838F5B-7E2C-4864-87DF-5D1605F12DF1}.Debug|x64.Build.0 = Debug|Any CPU
		{0D838F5B-7E2C-4864-87DF-5D1605F12DF1}.Debug|x86.ActiveCfg = Debug|Any CPU
		{0D838F5B-7E2C-4864-87DF-5D1605F12DF1}.Debug|x86.Build.0 = Debug|Any CPU
		{0D838F5B-7E2C-4864-87DF-5D1605F12DF1}.Release|Any CPU.ActiveCfg = Release|Any CPU
		{0D838F5B-7E2C-4864-87DF-5D1605F12DF1}.Release|Any CPU.Build.0 = Release|Any CPU
		{0D838F5B-7E2C-4864-87DF-5D1605F12DF1}.Release|x64.ActiveCfg = Release|Any CPU
		{0D838F5B-7E2C-4864-87DF-5D1605F12DF1}.Release|x64.Build.0 = Release|Any CPU
		{0D838F5B-7E2C-4864-87DF-5D1605F12DF1}.Release|x86.ActiveCfg = Release|Any CPU
		{0D838F5B-7E2C-4864-87DF-5D1605F12DF1}.Release|x86.Build.0 = Release|Any CPU
		{33485F8B-34D9-479F-88F1-30DC10AE7D41}.Debug|Any CPU.ActiveCfg = Debug|Any CPU
		{33485F8B-34D9-479F-88F1-30DC10AE7D41}.Debug|Any CPU.Build.0 = Debug|Any CPU
		{33485F8B-34D9-479F-88F1-30DC10AE7D41}.Debug|x64.ActiveCfg = Debug|Any CPU
		{33485F8B-34D9-479F-88F1-30DC10AE7D41}.Debug|x64.Build.0 = Debug|Any CPU
		{33485F8B-34D9-479F-88F1-30DC10AE7D41}.Debug|x86.ActiveCfg = Debug|Any CPU
		{33485F8B-34D9-479F-88F1-30DC10AE7D41}.Debug|x86.Build.0 = Debug|Any CPU
		{33485F8B-34D9-479F-88F1-30DC10AE7D41}.Release|Any CPU.ActiveCfg = Release|Any CPU
		{33485F8B-34D9-479F-88F1-30DC10AE7D41}.Release|Any CPU.Build.0 = Release|Any CPU
		{33485F8B-34D9-479F-88F1-30DC10AE7D41}.Release|x64.ActiveCfg = Release|Any CPU
		{33485F8B-34D9-479F-88F1-30DC10AE7D41}.Release|x64.Build.0 = Release|Any CPU
		{33485F8B-34D9-479F-88F1-30DC10AE7D41}.Release|x86.ActiveCfg = Release|Any CPU
		{33485F8B-34D9-479F-88F1-30DC10AE7D41}.Release|x86.Build.0 = Release|Any CPU
		{FDDA79BA-828E-4E63-89AF-FB81CF4E0CD1}.Debug|Any CPU.ActiveCfg = Debug|Any CPU
		{FDDA79BA-828E-4E63-89AF-FB81CF4E0CD1}.Debug|Any CPU.Build.0 = Debug|Any CPU
		{FDDA79BA-828E-4E63-89AF-FB81CF4E0CD1}.Debug|x64.ActiveCfg = Debug|Any CPU
		{FDDA79BA-828E-4E63-89AF-FB81CF4E0CD1}.Debug|x64.Build.0 = Debug|Any CPU
		{FDDA79BA-828E-4E63-89AF-FB81CF4E0CD1}.Debug|x86.ActiveCfg = Debug|Any CPU
		{FDDA79BA-828E-4E63-89AF-FB81CF4E0CD1}.Debug|x86.Build.0 = Debug|Any CPU
		{FDDA79BA-828E-4E63-89AF-FB81CF4E0CD1}.Release|Any CPU.ActiveCfg = Release|Any CPU
		{FDDA79BA-828E-4E63-89AF-FB81CF4E0CD1}.Release|Any CPU.Build.0 = Release|Any CPU
		{FDDA79BA-828E-4E63-89AF-FB81CF4E0CD1}.Release|x64.ActiveCfg = Release|Any CPU
		{FDDA79BA-828E-4E63-89AF-FB81CF4E0CD1}.Release|x64.Build.0 = Release|Any CPU
		{FDDA79BA-828E-4E63-89AF-FB81CF4E0CD1}.Release|x86.ActiveCfg = Release|Any CPU
		{FDDA79BA-828E-4E63-89AF-FB81CF4E0CD1}.Release|x86.Build.0 = Release|Any CPU
		{4BAA56CC-3AA6-4625-9E72-B509703799B0}.Debug|Any CPU.ActiveCfg = Debug|Any CPU
		{4BAA56CC-3AA6-4625-9E72-B509703799B0}.Debug|Any CPU.Build.0 = Debug|Any CPU
		{4BAA56CC-3AA6-4625-9E72-B509703799B0}.Debug|x64.ActiveCfg = Debug|Any CPU
		{4BAA56CC-3AA6-4625-9E72-B509703799B0}.Debug|x64.Build.0 = Debug|Any CPU
		{4BAA56CC-3AA6-4625-9E72-B509703799B0}.Debug|x86.ActiveCfg = Debug|Any CPU
		{4BAA56CC-3AA6-4625-9E72-B509703799B0}.Debug|x86.Build.0 = Debug|Any CPU
		{4BAA56CC-3AA6-4625-9E72-B509703799B0}.Release|Any CPU.ActiveCfg = Release|Any CPU
		{4BAA56CC-3AA6-4625-9E72-B509703799B0}.Release|Any CPU.Build.0 = Release|Any CPU
		{4BAA56CC-3AA6-4625-9E72-B509703799B0}.Release|x64.ActiveCfg = Release|Any CPU
		{4BAA56CC-3AA6-4625-9E72-B509703799B0}.Release|x64.Build.0 = Release|Any CPU
		{4BAA56CC-3AA6-4625-9E72-B509703799B0}.Release|x86.ActiveCfg = Release|Any CPU
		{4BAA56CC-3AA6-4625-9E72-B509703799B0}.Release|x86.Build.0 = Release|Any CPU
		{F47842B2-8385-4F51-9009-F7A74709DBEA}.Debug|Any CPU.ActiveCfg = Debug|Any CPU
		{F47842B2-8385-4F51-9009-F7A74709DBEA}.Debug|Any CPU.Build.0 = Debug|Any CPU
		{F47842B2-8385-4F51-9009-F7A74709DBEA}.Debug|x64.ActiveCfg = Debug|Any CPU
		{F47842B2-8385-4F51-9009-F7A74709DBEA}.Debug|x64.Build.0 = Debug|Any CPU
		{F47842B2-8385-4F51-9009-F7A74709DBEA}.Debug|x86.ActiveCfg = Debug|Any CPU
		{F47842B2-8385-4F51-9009-F7A74709DBEA}.Debug|x86.Build.0 = Debug|Any CPU
		{F47842B2-8385-4F51-9009-F7A74709DBEA}.Release|Any CPU.ActiveCfg = Release|Any CPU
		{F47842B2-8385-4F51-9009-F7A74709DBEA}.Release|Any CPU.Build.0 = Release|Any CPU
		{F47842B2-8385-4F51-9009-F7A74709DBEA}.Release|x64.ActiveCfg = Release|Any CPU
		{F47842B2-8385-4F51-9009-F7A74709DBEA}.Release|x64.Build.0 = Release|Any CPU
		{F47842B2-8385-4F51-9009-F7A74709DBEA}.Release|x86.ActiveCfg = Release|Any CPU
		{F47842B2-8385-4F51-9009-F7A74709DBEA}.Release|x86.Build.0 = Release|Any CPU
		{7CDFB656-9D1C-4322-8FB2-6F29355001C7}.Debug|Any CPU.ActiveCfg = Debug|Any CPU
		{7CDFB656-9D1C-4322-8FB2-6F29355001C7}.Debug|Any CPU.Build.0 = Debug|Any CPU
		{7CDFB656-9D1C-4322-8FB2-6F29355001C7}.Debug|x64.ActiveCfg = Debug|Any CPU
		{7CDFB656-9D1C-4322-8FB2-6F29355001C7}.Debug|x64.Build.0 = Debug|Any CPU
		{7CDFB656-9D1C-4322-8FB2-6F29355001C7}.Debug|x86.ActiveCfg = Debug|Any CPU
		{7CDFB656-9D1C-4322-8FB2-6F29355001C7}.Debug|x86.Build.0 = Debug|Any CPU
		{7CDFB656-9D1C-4322-8FB2-6F29355001C7}.Release|Any CPU.ActiveCfg = Release|Any CPU
		{7CDFB656-9D1C-4322-8FB2-6F29355001C7}.Release|Any CPU.Build.0 = Release|Any CPU
		{7CDFB656-9D1C-4322-8FB2-6F29355001C7}.Release|x64.ActiveCfg = Release|Any CPU
		{7CDFB656-9D1C-4322-8FB2-6F29355001C7}.Release|x64.Build.0 = Release|Any CPU
		{7CDFB656-9D1C-4322-8FB2-6F29355001C7}.Release|x86.ActiveCfg = Release|Any CPU
		{7CDFB656-9D1C-4322-8FB2-6F29355001C7}.Release|x86.Build.0 = Release|Any CPU
		{E61E0874-F526-4860-80E3-C03979B142C7}.Debug|Any CPU.ActiveCfg = Debug|Any CPU
		{E61E0874-F526-4860-80E3-C03979B142C7}.Debug|Any CPU.Build.0 = Debug|Any CPU
		{E61E0874-F526-4860-80E3-C03979B142C7}.Debug|x64.ActiveCfg = Debug|Any CPU
		{E61E0874-F526-4860-80E3-C03979B142C7}.Debug|x64.Build.0 = Debug|Any CPU
		{E61E0874-F526-4860-80E3-C03979B142C7}.Debug|x86.ActiveCfg = Debug|Any CPU
		{E61E0874-F526-4860-80E3-C03979B142C7}.Debug|x86.Build.0 = Debug|Any CPU
		{E61E0874-F526-4860-80E3-C03979B142C7}.Release|Any CPU.ActiveCfg = Release|Any CPU
		{E61E0874-F526-4860-80E3-C03979B142C7}.Release|Any CPU.Build.0 = Release|Any CPU
		{E61E0874-F526-4860-80E3-C03979B142C7}.Release|x64.ActiveCfg = Release|Any CPU
		{E61E0874-F526-4860-80E3-C03979B142C7}.Release|x64.Build.0 = Release|Any CPU
		{E61E0874-F526-4860-80E3-C03979B142C7}.Release|x86.ActiveCfg = Release|Any CPU
		{E61E0874-F526-4860-80E3-C03979B142C7}.Release|x86.Build.0 = Release|Any CPU
		{85AC0027-428D-421D-8CBE-37D75C18C35F}.Debug|Any CPU.ActiveCfg = Debug|Any CPU
		{85AC0027-428D-421D-8CBE-37D75C18C35F}.Debug|Any CPU.Build.0 = Debug|Any CPU
		{85AC0027-428D-421D-8CBE-37D75C18C35F}.Debug|x64.ActiveCfg = Debug|Any CPU
		{85AC0027-428D-421D-8CBE-37D75C18C35F}.Debug|x64.Build.0 = Debug|Any CPU
		{85AC0027-428D-421D-8CBE-37D75C18C35F}.Debug|x86.ActiveCfg = Debug|Any CPU
		{85AC0027-428D-421D-8CBE-37D75C18C35F}.Debug|x86.Build.0 = Debug|Any CPU
		{85AC0027-428D-421D-8CBE-37D75C18C35F}.Release|Any CPU.ActiveCfg = Release|Any CPU
		{85AC0027-428D-421D-8CBE-37D75C18C35F}.Release|Any CPU.Build.0 = Release|Any CPU
		{85AC0027-428D-421D-8CBE-37D75C18C35F}.Release|x64.ActiveCfg = Release|Any CPU
		{85AC0027-428D-421D-8CBE-37D75C18C35F}.Release|x64.Build.0 = Release|Any CPU
		{85AC0027-428D-421D-8CBE-37D75C18C35F}.Release|x86.ActiveCfg = Release|Any CPU
		{85AC0027-428D-421D-8CBE-37D75C18C35F}.Release|x86.Build.0 = Release|Any CPU
		{18C3377D-6FCF-4496-9BE4-403BA153911A}.Debug|Any CPU.ActiveCfg = Debug|Any CPU
		{18C3377D-6FCF-4496-9BE4-403BA153911A}.Debug|Any CPU.Build.0 = Debug|Any CPU
		{18C3377D-6FCF-4496-9BE4-403BA153911A}.Debug|x64.ActiveCfg = Debug|Any CPU
		{18C3377D-6FCF-4496-9BE4-403BA153911A}.Debug|x64.Build.0 = Debug|Any CPU
		{18C3377D-6FCF-4496-9BE4-403BA153911A}.Debug|x86.ActiveCfg = Debug|Any CPU
		{18C3377D-6FCF-4496-9BE4-403BA153911A}.Debug|x86.Build.0 = Debug|Any CPU
		{18C3377D-6FCF-4496-9BE4-403BA153911A}.Release|Any CPU.ActiveCfg = Release|Any CPU
		{18C3377D-6FCF-4496-9BE4-403BA153911A}.Release|Any CPU.Build.0 = Release|Any CPU
		{18C3377D-6FCF-4496-9BE4-403BA153911A}.Release|x64.ActiveCfg = Release|Any CPU
		{18C3377D-6FCF-4496-9BE4-403BA153911A}.Release|x64.Build.0 = Release|Any CPU
		{18C3377D-6FCF-4496-9BE4-403BA153911A}.Release|x86.ActiveCfg = Release|Any CPU
		{18C3377D-6FCF-4496-9BE4-403BA153911A}.Release|x86.Build.0 = Release|Any CPU
		{D18B3100-8AF5-4DEE-9AE9-9E86B4F8AA2F}.Debug|Any CPU.ActiveCfg = Debug|Any CPU
		{D18B3100-8AF5-4DEE-9AE9-9E86B4F8AA2F}.Debug|Any CPU.Build.0 = Debug|Any CPU
		{D18B3100-8AF5-4DEE-9AE9-9E86B4F8AA2F}.Debug|x64.ActiveCfg = Debug|Any CPU
		{D18B3100-8AF5-4DEE-9AE9-9E86B4F8AA2F}.Debug|x64.Build.0 = Debug|Any CPU
		{D18B3100-8AF5-4DEE-9AE9-9E86B4F8AA2F}.Debug|x86.ActiveCfg = Debug|Any CPU
		{D18B3100-8AF5-4DEE-9AE9-9E86B4F8AA2F}.Debug|x86.Build.0 = Debug|Any CPU
		{D18B3100-8AF5-4DEE-9AE9-9E86B4F8AA2F}.Release|Any CPU.ActiveCfg = Release|Any CPU
		{D18B3100-8AF5-4DEE-9AE9-9E86B4F8AA2F}.Release|Any CPU.Build.0 = Release|Any CPU
		{D18B3100-8AF5-4DEE-9AE9-9E86B4F8AA2F}.Release|x64.ActiveCfg = Release|Any CPU
		{D18B3100-8AF5-4DEE-9AE9-9E86B4F8AA2F}.Release|x64.Build.0 = Release|Any CPU
		{D18B3100-8AF5-4DEE-9AE9-9E86B4F8AA2F}.Release|x86.ActiveCfg = Release|Any CPU
		{D18B3100-8AF5-4DEE-9AE9-9E86B4F8AA2F}.Release|x86.Build.0 = Release|Any CPU
		{A9AB272F-C33B-408F-A086-A2EE5A6C2CC9}.Debug|Any CPU.ActiveCfg = Debug|Any CPU
		{A9AB272F-C33B-408F-A086-A2EE5A6C2CC9}.Debug|Any CPU.Build.0 = Debug|Any CPU
		{A9AB272F-C33B-408F-A086-A2EE5A6C2CC9}.Debug|x64.ActiveCfg = Debug|Any CPU
		{A9AB272F-C33B-408F-A086-A2EE5A6C2CC9}.Debug|x64.Build.0 = Debug|Any CPU
		{A9AB272F-C33B-408F-A086-A2EE5A6C2CC9}.Debug|x86.ActiveCfg = Debug|Any CPU
		{A9AB272F-C33B-408F-A086-A2EE5A6C2CC9}.Debug|x86.Build.0 = Debug|Any CPU
		{A9AB272F-C33B-408F-A086-A2EE5A6C2CC9}.Release|Any CPU.ActiveCfg = Release|Any CPU
		{A9AB272F-C33B-408F-A086-A2EE5A6C2CC9}.Release|Any CPU.Build.0 = Release|Any CPU
		{A9AB272F-C33B-408F-A086-A2EE5A6C2CC9}.Release|x64.ActiveCfg = Release|Any CPU
		{A9AB272F-C33B-408F-A086-A2EE5A6C2CC9}.Release|x64.Build.0 = Release|Any CPU
		{A9AB272F-C33B-408F-A086-A2EE5A6C2CC9}.Release|x86.ActiveCfg = Release|Any CPU
		{A9AB272F-C33B-408F-A086-A2EE5A6C2CC9}.Release|x86.Build.0 = Release|Any CPU
		{BB11800A-A922-4665-BB67-640DB587AE36}.Debug|Any CPU.ActiveCfg = Debug|Any CPU
		{BB11800A-A922-4665-BB67-640DB587AE36}.Debug|Any CPU.Build.0 = Debug|Any CPU
		{BB11800A-A922-4665-BB67-640DB587AE36}.Debug|x64.ActiveCfg = Debug|Any CPU
		{BB11800A-A922-4665-BB67-640DB587AE36}.Debug|x64.Build.0 = Debug|Any CPU
		{BB11800A-A922-4665-BB67-640DB587AE36}.Debug|x86.ActiveCfg = Debug|Any CPU
		{BB11800A-A922-4665-BB67-640DB587AE36}.Debug|x86.Build.0 = Debug|Any CPU
		{BB11800A-A922-4665-BB67-640DB587AE36}.Release|Any CPU.ActiveCfg = Release|Any CPU
		{BB11800A-A922-4665-BB67-640DB587AE36}.Release|Any CPU.Build.0 = Release|Any CPU
		{BB11800A-A922-4665-BB67-640DB587AE36}.Release|x64.ActiveCfg = Release|Any CPU
		{BB11800A-A922-4665-BB67-640DB587AE36}.Release|x64.Build.0 = Release|Any CPU
		{BB11800A-A922-4665-BB67-640DB587AE36}.Release|x86.ActiveCfg = Release|Any CPU
		{BB11800A-A922-4665-BB67-640DB587AE36}.Release|x86.Build.0 = Release|Any CPU
		{379E8F61-D80D-4F24-AF95-43CCE3E66F49}.Debug|Any CPU.ActiveCfg = Debug|Any CPU
		{379E8F61-D80D-4F24-AF95-43CCE3E66F49}.Debug|Any CPU.Build.0 = Debug|Any CPU
		{379E8F61-D80D-4F24-AF95-43CCE3E66F49}.Debug|x64.ActiveCfg = Debug|Any CPU
		{379E8F61-D80D-4F24-AF95-43CCE3E66F49}.Debug|x64.Build.0 = Debug|Any CPU
		{379E8F61-D80D-4F24-AF95-43CCE3E66F49}.Debug|x86.ActiveCfg = Debug|Any CPU
		{379E8F61-D80D-4F24-AF95-43CCE3E66F49}.Debug|x86.Build.0 = Debug|Any CPU
		{379E8F61-D80D-4F24-AF95-43CCE3E66F49}.Release|Any CPU.ActiveCfg = Release|Any CPU
		{379E8F61-D80D-4F24-AF95-43CCE3E66F49}.Release|Any CPU.Build.0 = Release|Any CPU
		{379E8F61-D80D-4F24-AF95-43CCE3E66F49}.Release|x64.ActiveCfg = Release|Any CPU
		{379E8F61-D80D-4F24-AF95-43CCE3E66F49}.Release|x64.Build.0 = Release|Any CPU
		{379E8F61-D80D-4F24-AF95-43CCE3E66F49}.Release|x86.ActiveCfg = Release|Any CPU
		{379E8F61-D80D-4F24-AF95-43CCE3E66F49}.Release|x86.Build.0 = Release|Any CPU
		{9013D5C9-27A6-4C51-8CC4-BC546BF41590}.Debug|Any CPU.ActiveCfg = Debug|Any CPU
		{9013D5C9-27A6-4C51-8CC4-BC546BF41590}.Debug|Any CPU.Build.0 = Debug|Any CPU
		{9013D5C9-27A6-4C51-8CC4-BC546BF41590}.Debug|x64.ActiveCfg = Debug|Any CPU
		{9013D5C9-27A6-4C51-8CC4-BC546BF41590}.Debug|x64.Build.0 = Debug|Any CPU
		{9013D5C9-27A6-4C51-8CC4-BC546BF41590}.Debug|x86.ActiveCfg = Debug|Any CPU
		{9013D5C9-27A6-4C51-8CC4-BC546BF41590}.Debug|x86.Build.0 = Debug|Any CPU
		{9013D5C9-27A6-4C51-8CC4-BC546BF41590}.Release|Any CPU.ActiveCfg = Release|Any CPU
		{9013D5C9-27A6-4C51-8CC4-BC546BF41590}.Release|Any CPU.Build.0 = Release|Any CPU
		{9013D5C9-27A6-4C51-8CC4-BC546BF41590}.Release|x64.ActiveCfg = Release|Any CPU
		{9013D5C9-27A6-4C51-8CC4-BC546BF41590}.Release|x64.Build.0 = Release|Any CPU
		{9013D5C9-27A6-4C51-8CC4-BC546BF41590}.Release|x86.ActiveCfg = Release|Any CPU
		{9013D5C9-27A6-4C51-8CC4-BC546BF41590}.Release|x86.Build.0 = Release|Any CPU
		{81D9E164-AF0D-4BCE-9449-8DE8D8CC2DC9}.Debug|Any CPU.ActiveCfg = Debug|Any CPU
		{81D9E164-AF0D-4BCE-9449-8DE8D8CC2DC9}.Debug|Any CPU.Build.0 = Debug|Any CPU
		{81D9E164-AF0D-4BCE-9449-8DE8D8CC2DC9}.Debug|x64.ActiveCfg = Debug|Any CPU
		{81D9E164-AF0D-4BCE-9449-8DE8D8CC2DC9}.Debug|x64.Build.0 = Debug|Any CPU
		{81D9E164-AF0D-4BCE-9449-8DE8D8CC2DC9}.Debug|x86.ActiveCfg = Debug|Any CPU
		{81D9E164-AF0D-4BCE-9449-8DE8D8CC2DC9}.Debug|x86.Build.0 = Debug|Any CPU
		{81D9E164-AF0D-4BCE-9449-8DE8D8CC2DC9}.Release|Any CPU.ActiveCfg = Release|Any CPU
		{81D9E164-AF0D-4BCE-9449-8DE8D8CC2DC9}.Release|Any CPU.Build.0 = Release|Any CPU
		{81D9E164-AF0D-4BCE-9449-8DE8D8CC2DC9}.Release|x64.ActiveCfg = Release|Any CPU
		{81D9E164-AF0D-4BCE-9449-8DE8D8CC2DC9}.Release|x64.Build.0 = Release|Any CPU
		{81D9E164-AF0D-4BCE-9449-8DE8D8CC2DC9}.Release|x86.ActiveCfg = Release|Any CPU
		{81D9E164-AF0D-4BCE-9449-8DE8D8CC2DC9}.Release|x86.Build.0 = Release|Any CPU
		{5422EC29-04D2-43FF-B5CE-DBF02A4B61A9}.Debug|Any CPU.ActiveCfg = Debug|Any CPU
		{5422EC29-04D2-43FF-B5CE-DBF02A4B61A9}.Debug|Any CPU.Build.0 = Debug|Any CPU
		{5422EC29-04D2-43FF-B5CE-DBF02A4B61A9}.Debug|x64.ActiveCfg = Debug|Any CPU
		{5422EC29-04D2-43FF-B5CE-DBF02A4B61A9}.Debug|x64.Build.0 = Debug|Any CPU
		{5422EC29-04D2-43FF-B5CE-DBF02A4B61A9}.Debug|x86.ActiveCfg = Debug|Any CPU
		{5422EC29-04D2-43FF-B5CE-DBF02A4B61A9}.Debug|x86.Build.0 = Debug|Any CPU
		{5422EC29-04D2-43FF-B5CE-DBF02A4B61A9}.Release|Any CPU.ActiveCfg = Release|Any CPU
		{5422EC29-04D2-43FF-B5CE-DBF02A4B61A9}.Release|Any CPU.Build.0 = Release|Any CPU
		{5422EC29-04D2-43FF-B5CE-DBF02A4B61A9}.Release|x64.ActiveCfg = Release|Any CPU
		{5422EC29-04D2-43FF-B5CE-DBF02A4B61A9}.Release|x64.Build.0 = Release|Any CPU
		{5422EC29-04D2-43FF-B5CE-DBF02A4B61A9}.Release|x86.ActiveCfg = Release|Any CPU
		{5422EC29-04D2-43FF-B5CE-DBF02A4B61A9}.Release|x86.Build.0 = Release|Any CPU
		{FDBF5BAB-A49D-4A47-8C4E-C39714E715EF}.Debug|Any CPU.ActiveCfg = Debug|Any CPU
		{FDBF5BAB-A49D-4A47-8C4E-C39714E715EF}.Debug|Any CPU.Build.0 = Debug|Any CPU
		{FDBF5BAB-A49D-4A47-8C4E-C39714E715EF}.Debug|x64.ActiveCfg = Debug|Any CPU
		{FDBF5BAB-A49D-4A47-8C4E-C39714E715EF}.Debug|x64.Build.0 = Debug|Any CPU
		{FDBF5BAB-A49D-4A47-8C4E-C39714E715EF}.Debug|x86.ActiveCfg = Debug|Any CPU
		{FDBF5BAB-A49D-4A47-8C4E-C39714E715EF}.Debug|x86.Build.0 = Debug|Any CPU
		{FDBF5BAB-A49D-4A47-8C4E-C39714E715EF}.Release|Any CPU.ActiveCfg = Release|Any CPU
		{FDBF5BAB-A49D-4A47-8C4E-C39714E715EF}.Release|Any CPU.Build.0 = Release|Any CPU
		{FDBF5BAB-A49D-4A47-8C4E-C39714E715EF}.Release|x64.ActiveCfg = Release|Any CPU
		{FDBF5BAB-A49D-4A47-8C4E-C39714E715EF}.Release|x64.Build.0 = Release|Any CPU
		{FDBF5BAB-A49D-4A47-8C4E-C39714E715EF}.Release|x86.ActiveCfg = Release|Any CPU
		{FDBF5BAB-A49D-4A47-8C4E-C39714E715EF}.Release|x86.Build.0 = Release|Any CPU
		{51060752-8EAE-4AB5-8A29-A84B79B4710F}.Debug|Any CPU.ActiveCfg = Debug|Any CPU
		{51060752-8EAE-4AB5-8A29-A84B79B4710F}.Debug|Any CPU.Build.0 = Debug|Any CPU
		{51060752-8EAE-4AB5-8A29-A84B79B4710F}.Debug|x64.ActiveCfg = Debug|Any CPU
		{51060752-8EAE-4AB5-8A29-A84B79B4710F}.Debug|x64.Build.0 = Debug|Any CPU
		{51060752-8EAE-4AB5-8A29-A84B79B4710F}.Debug|x86.ActiveCfg = Debug|Any CPU
		{51060752-8EAE-4AB5-8A29-A84B79B4710F}.Debug|x86.Build.0 = Debug|Any CPU
		{51060752-8EAE-4AB5-8A29-A84B79B4710F}.Release|Any CPU.ActiveCfg = Release|Any CPU
		{51060752-8EAE-4AB5-8A29-A84B79B4710F}.Release|Any CPU.Build.0 = Release|Any CPU
		{51060752-8EAE-4AB5-8A29-A84B79B4710F}.Release|x64.ActiveCfg = Release|Any CPU
		{51060752-8EAE-4AB5-8A29-A84B79B4710F}.Release|x64.Build.0 = Release|Any CPU
		{51060752-8EAE-4AB5-8A29-A84B79B4710F}.Release|x86.ActiveCfg = Release|Any CPU
		{51060752-8EAE-4AB5-8A29-A84B79B4710F}.Release|x86.Build.0 = Release|Any CPU
	EndGlobalSection
	GlobalSection(SolutionProperties) = preSolution
		HideSolutionNode = FALSE
	EndGlobalSection
	GlobalSection(NestedProjects) = preSolution
		{F47842B2-8385-4F51-9009-F7A74709DBEA} = {F4AE32F3-3D56-416A-9F18-96630B121436}
		{7CDFB656-9D1C-4322-8FB2-6F29355001C7} = {F4AE32F3-3D56-416A-9F18-96630B121436}
		{E61E0874-F526-4860-80E3-C03979B142C7} = {F4AE32F3-3D56-416A-9F18-96630B121436}
		{81D9E164-AF0D-4BCE-9449-8DE8D8CC2DC9} = {CB9541F4-D247-447C-8872-C517E961C0CB}
		{5422EC29-04D2-43FF-B5CE-DBF02A4B61A9} = {CB9541F4-D247-447C-8872-C517E961C0CB}
	EndGlobalSection
	GlobalSection(ExtensibilityGlobals) = postSolution
		SolutionGuid = {4FC23D6D-A711-4914-A8B7-A785E6155D94}
	EndGlobalSection
EndGlobal
