
Microsoft Visual Studio Solution File, Format Version 12.00
# Visual Studio Version 16
VisualStudioVersion = 16.0.31410.357
MinimumVisualStudioVersion = 10.0.40219.1
Project("{FAE04EC0-301F-11D3-BF4B-00C04F79EFBC}") = "PromotoAPI", "PromotoAPI\PromotoAPI.csproj", "{DDA52103-3770-4DE4-8BD1-D595257D0288}"
EndProject
Global
	GlobalSection(SolutionConfigurationPlatforms) = preSolution
		Debug|Any CPU = Debug|Any CPU
		Release|Any CPU = Release|Any CPU
	EndGlobalSection
	GlobalSection(ProjectConfigurationPlatforms) = postSolution
		{DDA52103-3770-4DE4-8BD1-D595257D0288}.Debug|Any CPU.ActiveCfg = Debug|Any CPU
		{DDA52103-3770-4DE4-8BD1-D595257D0288}.Debug|Any CPU.Build.0 = Debug|Any CPU
		{DDA52103-3770-4DE4-8BD1-D595257D0288}.Release|Any CPU.ActiveCfg = Release|Any CPU
		{DDA52103-3770-4DE4-8BD1-D595257D0288}.Release|Any CPU.Build.0 = Release|Any CPU
	EndGlobalSection
	GlobalSection(SolutionProperties) = preSolution
		HideSolutionNode = FALSE
	EndGlobalSection
	GlobalSection(ExtensibilityGlobals) = postSolution
		SolutionGuid = {CFE5CBB7-98B2-4E32-AE0D-CBC1E0250F4F}
	EndGlobalSection
EndGlobal
